// !$*UTF8*$!
{
	archiveVersion = 1;
	classes = {
	};
	objectVersion = 77;
	objects = {

/* Begin PBXBuildFile section */
		CDD45EE6772D4DA95A8A911F /* Pods_AFNetworkingApp.framework in Frameworks */ = {isa = PBXBuildFile; fileRef = 826A494FD8EB525BAB778778 /* Pods_AFNetworkingApp.framework */; };
		D2D200FE2D0306D9005E4EE6 /* AppDelegate.m in Sources */ = {isa = PBXBuildFile; fileRef = D2D200F12D0306D9005E4EE6 /* AppDelegate.m */; };
		D2D200FF2D0306D9005E4EE6 /* main.m in Sources */ = {isa = PBXBuildFile; fileRef = D2D200F62D0306D9005E4EE6 /* main.m */; };
		D2D201002D0306D9005E4EE6 /* SceneDelegate.m in Sources */ = {isa = PBXBuildFile; fileRef = D2D200FA2D0306D9005E4EE6 /* SceneDelegate.m */; };
		D2D201012D0306D9005E4EE6 /* ViewController.m in Sources */ = {isa = PBXBuildFile; fileRef = D2D200FC2D0306D9005E4EE6 /* ViewController.m */; };
		D2D201022D0306D9005E4EE6 /* Assets.xcassets in Resources */ = {isa = PBXBuildFile; fileRef = D2D200F22D0306D9005E4EE6 /* Assets.xcassets */; };
		D2D201042D0306D9005E4EE6 /* LaunchScreen.storyboard in Resources */ = {isa = PBXBuildFile; fileRef = D2D200F52D0306D9005E4EE6 /* LaunchScreen.storyboard */; };
		D2D201052D0306D9005E4EE6 /* Main.storyboard in Resources */ = {isa = PBXBuildFile; fileRef = D2D200F82D0306D9005E4EE6 /* Main.storyboard */; };
/* End PBXBuildFile section */

/* Begin PBXFileReference section */
		5B6BD8D505636AC845581B39 /* Pods-AFNetworkingApp.release.xcconfig */ = {isa = PBXFileReference; includeInIndex = 1; lastKnownFileType = text.xcconfig; name = "Pods-AFNetworkingApp.release.xcconfig"; path = "Target Support Files/Pods-AFNetworkingApp/Pods-AFNetworkingApp.release.xcconfig"; sourceTree = "<group>"; };
		826A494FD8EB525BAB778778 /* Pods_AFNetworkingApp.framework */ = {isa = PBXFileReference; explicitFileType = wrapper.framework; includeInIndex = 0; path = Pods_AFNetworkingApp.framework; sourceTree = BUILT_PRODUCTS_DIR; };
		D29C9F752D03053900CD568E /* AFNetworkingApp.app */ = {isa = PBXFileReference; explicitFileType = wrapper.application; includeInIndex = 0; path = AFNetworkingApp.app; sourceTree = BUILT_PRODUCTS_DIR; };
		D2D200F02D0306D9005E4EE6 /* AppDelegate.h */ = {isa = PBXFileReference; lastKnownFileType = sourcecode.c.h; path = AppDelegate.h; sourceTree = "<group>"; };
		D2D200F12D0306D9005E4EE6 /* AppDelegate.m */ = {isa = PBXFileReference; lastKnownFileType = sourcecode.c.objc; path = AppDelegate.m; sourceTree = "<group>"; };
		D2D200F22D0306D9005E4EE6 /* Assets.xcassets */ = {isa = PBXFileReference; lastKnownFileType = folder.assetcatalog; path = Assets.xcassets; sourceTree = "<group>"; };
		D2D200F32D0306D9005E4EE6 /* Info.plist */ = {isa = PBXFileReference; lastKnownFileType = text.plist.xml; path = Info.plist; sourceTree = "<group>"; };
		D2D200F42D0306D9005E4EE6 /* Base */ = {isa = PBXFileReference; lastKnownFileType = file.storyboard; name = Base; path = Base.lproj/LaunchScreen.storyboard; sourceTree = "<group>"; };
		D2D200F62D0306D9005E4EE6 /* main.m */ = {isa = PBXFileReference; lastKnownFileType = sourcecode.c.objc; path = main.m; sourceTree = "<group>"; };
		D2D200F72D0306D9005E4EE6 /* Base */ = {isa = PBXFileReference; lastKnownFileType = file.storyboard; name = Base; path = Base.lproj/Main.storyboard; sourceTree = "<group>"; };
		D2D200F92D0306D9005E4EE6 /* SceneDelegate.h */ = {isa = PBXFileReference; lastKnownFileType = sourcecode.c.h; path = SceneDelegate.h; sourceTree = "<group>"; };
		D2D200FA2D0306D9005E4EE6 /* SceneDelegate.m */ = {isa = PBXFileReference; lastKnownFileType = sourcecode.c.objc; path = SceneDelegate.m; sourceTree = "<group>"; };
		D2D200FB2D0306D9005E4EE6 /* ViewController.h */ = {isa = PBXFileReference; lastKnownFileType = sourcecode.c.h; path = ViewController.h; sourceTree = "<group>"; };
		D2D200FC2D0306D9005E4EE6 /* ViewController.m */ = {isa = PBXFileReference; lastKnownFileType = sourcecode.c.objc; path = ViewController.m; sourceTree = "<group>"; };
		D731CBDAFBBB8DAD00C47F05 /* Pods-AFNetworkingApp.debug.xcconfig */ = {isa = PBXFileReference; includeInIndex = 1; lastKnownFileType = text.xcconfig; name = "Pods-AFNetworkingApp.debug.xcconfig"; path = "Target Support Files/Pods-AFNetworkingApp/Pods-AFNetworkingApp.debug.xcconfig"; sourceTree = "<group>"; };
/* End PBXFileReference section */

/* Begin PBXFrameworksBuildPhase section */
		D29C9F722D03053900CD568E /* Frameworks */ = {
			isa = PBXFrameworksBuildPhase;
			buildActionMask = 2147483647;
			files = (
				CDD45EE6772D4DA95A8A911F /* Pods_AFNetworkingApp.framework in Frameworks */,
			);
			runOnlyForDeploymentPostprocessing = 0;
		};
/* End PBXFrameworksBuildPhase section */

/* Begin PBXGroup section */
		41386AFA5C4634BAE797E96B /* Frameworks */ = {
			isa = PBXGroup;
			children = (
				826A494FD8EB525BAB778778 /* Pods_AFNetworkingApp.framework */,
			);
			name = Frameworks;
			sourceTree = "<group>";
		};
		53C8DD4CFB91427EFA2ACD03 /* Pods */ = {
			isa = PBXGroup;
			children = (
				D731CBDAFBBB8DAD00C47F05 /* Pods-AFNetworkingApp.debug.xcconfig */,
				5B6BD8D505636AC845581B39 /* Pods-AFNetworkingApp.release.xcconfig */,
			);
			path = Pods;
			sourceTree = "<group>";
		};
		D29C9F6C2D03053900CD568E = {
			isa = PBXGroup;
			children = (
				D2D200FD2D0306D9005E4EE6 /* AFNetworkingApp */,
				D29C9F762D03053900CD568E /* Products */,
				53C8DD4CFB91427EFA2ACD03 /* Pods */,
				41386AFA5C4634BAE797E96B /* Frameworks */,
			);
			sourceTree = "<group>";
		};
		D29C9F762D03053900CD568E /* Products */ = {
			isa = PBXGroup;
			children = (
				D29C9F752D03053900CD568E /* AFNetworkingApp.app */,
			);
			name = Products;
			sourceTree = "<group>";
		};
		D2D200FD2D0306D9005E4EE6 /* AFNetworkingApp */ = {
			isa = PBXGroup;
			children = (
				D2D200F02D0306D9005E4EE6 /* AppDelegate.h */,
				D2D200F12D0306D9005E4EE6 /* AppDelegate.m */,
				D2D200F22D0306D9005E4EE6 /* Assets.xcassets */,
				D2D200F32D0306D9005E4EE6 /* Info.plist */,
				D2D200F52D0306D9005E4EE6 /* LaunchScreen.storyboard */,
				D2D200F62D0306D9005E4EE6 /* main.m */,
				D2D200F82D0306D9005E4EE6 /* Main.storyboard */,
				D2D200F92D0306D9005E4EE6 /* SceneDelegate.h */,
				D2D200FA2D0306D9005E4EE6 /* SceneDelegate.m */,
				D2D200FB2D0306D9005E4EE6 /* ViewController.h */,
				D2D200FC2D0306D9005E4EE6 /* ViewController.m */,
			);
			path = AFNetworkingApp;
			sourceTree = "<group>";
		};
/* End PBXGroup section */

/* Begin PBXNativeTarget section */
		D29C9F742D03053900CD568E /* AFNetworkingApp */ = {
			isa = PBXNativeTarget;
			buildConfigurationList = D29C9F8D2D03053A00CD568E /* Build configuration list for PBXNativeTarget "AFNetworkingApp" */;
			buildPhases = (
				D41D35411C95F552FEE3AAE4 /* [CP] Check Pods Manifest.lock */,
				D29C9F712D03053900CD568E /* Sources */,
				D29C9F722D03053900CD568E /* Frameworks */,
				D29C9F732D03053900CD568E /* Resources */,
				2A08CCAF4B46E6B017FEB916 /* [CP] Embed Pods Frameworks */,
			);
			buildRules = (
			);
			dependencies = (
			);
			name = AFNetworkingApp;
			productName = AFNetworkingApp;
			productReference = D29C9F752D03053900CD568E /* AFNetworkingApp.app */;
			productType = "com.apple.product-type.application";
		};
/* End PBXNativeTarget section */

/* Begin PBXProject section */
		D29C9F6D2D03053900CD568E /* Project object */ = {
			isa = PBXProject;
			attributes = {
				BuildIndependentTargetsInParallel = 1;
				LastUpgradeCheck = 1610;
				TargetAttributes = {
					D29C9F742D03053900CD568E = {
						CreatedOnToolsVersion = 16.1;
					};
				};
			};
			buildConfigurationList = D29C9F702D03053900CD568E /* Build configuration list for PBXProject "AFNetworkingApp" */;
			developmentRegion = en;
			hasScannedForEncodings = 0;
			knownRegions = (
				en,
				Base,
			);
			mainGroup = D29C9F6C2D03053900CD568E;
			minimizedProjectReferenceProxies = 1;
			preferredProjectObjectVersion = 77;
			productRefGroup = D29C9F762D03053900CD568E /* Products */;
			projectDirPath = "";
			projectRoot = "";
			targets = (
				D29C9F742D03053900CD568E /* AFNetworkingApp */,
			);
		};
/* End PBXProject section */

/* Begin PBXResourcesBuildPhase section */
		D29C9F732D03053900CD568E /* Resources */ = {
			isa = PBXResourcesBuildPhase;
			buildActionMask = 2147483647;
			files = (
				D2D201022D0306D9005E4EE6 /* Assets.xcassets in Resources */,
				D2D201042D0306D9005E4EE6 /* LaunchScreen.storyboard in Resources */,
				D2D201052D0306D9005E4EE6 /* Main.storyboard in Resources */,
			);
			runOnlyForDeploymentPostprocessing = 0;
		};
/* End PBXResourcesBuildPhase section */

/* Begin PBXShellScriptBuildPhase section */
		2A08CCAF4B46E6B017FEB916 /* [CP] Embed Pods Frameworks */ = {
			isa = PBXShellScriptBuildPhase;
			buildActionMask = 2147483647;
			files = (
			);
			inputFileListPaths = (
				"${PODS_ROOT}/Target Support Files/Pods-AFNetworkingApp/Pods-AFNetworkingApp-frameworks-${CONFIGURATION}-input-files.xcfilelist",
			);
			name = "[CP] Embed Pods Frameworks";
			outputFileListPaths = (
				"${PODS_ROOT}/Target Support Files/Pods-AFNetworkingApp/Pods-AFNetworkingApp-frameworks-${CONFIGURATION}-output-files.xcfilelist",
			);
			runOnlyForDeploymentPostprocessing = 0;
			shellPath = /bin/sh;
			shellScript = "\"${PODS_ROOT}/Target Support Files/Pods-AFNetworkingApp/Pods-AFNetworkingApp-frameworks.sh\"\n";
			showEnvVarsInLog = 0;
		};
		D41D35411C95F552FEE3AAE4 /* [CP] Check Pods Manifest.lock */ = {
			isa = PBXShellScriptBuildPhase;
			buildActionMask = 2147483647;
			files = (
			);
			inputFileListPaths = (
			);
			inputPaths = (
				"${PODS_PODFILE_DIR_PATH}/Podfile.lock",
				"${PODS_ROOT}/Manifest.lock",
			);
			name = "[CP] Check Pods Manifest.lock";
			outputFileListPaths = (
			);
			outputPaths = (
				"$(DERIVED_FILE_DIR)/Pods-AFNetworkingApp-checkManifestLockResult.txt",
			);
			runOnlyForDeploymentPostprocessing = 0;
			shellPath = /bin/sh;
			shellScript = "diff \"${PODS_PODFILE_DIR_PATH}/Podfile.lock\" \"${PODS_ROOT}/Manifest.lock\" > /dev/null\nif [ $? != 0 ] ; then\n    # print error to STDERR\n    echo \"error: The sandbox is not in sync with the Podfile.lock. Run 'pod install' or update your CocoaPods installation.\" >&2\n    exit 1\nfi\n# This output is used by Xcode 'outputs' to avoid re-running this script phase.\necho \"SUCCESS\" > \"${SCRIPT_OUTPUT_FILE_0}\"\n";
			showEnvVarsInLog = 0;
		};
/* End PBXShellScriptBuildPhase section */

/* Begin PBXSourcesBuildPhase section */
		D29C9F712D03053900CD568E /* Sources */ = {
			isa = PBXSourcesBuildPhase;
			buildActionMask = 2147483647;
			files = (
				D2D200FE2D0306D9005E4EE6 /* AppDelegate.m in Sources */,
				D2D200FF2D0306D9005E4EE6 /* main.m in Sources */,
				D2D201002D0306D9005E4EE6 /* SceneDelegate.m in Sources */,
				D2D201012D0306D9005E4EE6 /* ViewController.m in Sources */,
			);
			runOnlyForDeploymentPostprocessing = 0;
		};
/* End PBXSourcesBuildPhase section */

/* Begin PBXVariantGroup section */
		D2D200F52D0306D9005E4EE6 /* LaunchScreen.storyboard */ = {
			isa = PBXVariantGroup;
			children = (
				D2D200F42D0306D9005E4EE6 /* Base */,
			);
			name = LaunchScreen.storyboard;
			sourceTree = "<group>";
		};
		D2D200F82D0306D9005E4EE6 /* Main.storyboard */ = {
			isa = PBXVariantGroup;
			children = (
				D2D200F72D0306D9005E4EE6 /* Base */,
			);
			name = Main.storyboard;
			sourceTree = "<group>";
		};
/* End PBXVariantGroup section */

/* Begin XCBuildConfiguration section */
		D29C9F8E2D03053A00CD568E /* Debug */ = {
			isa = XCBuildConfiguration;
			baseConfigurationReference = D731CBDAFBBB8DAD00C47F05 /* Pods-AFNetworkingApp.debug.xcconfig */;
			buildSettings = {
				ASSETCATALOG_COMPILER_APPICON_NAME = AppIcon;
				ASSETCATALOG_COMPILER_GLOBAL_ACCENT_COLOR_NAME = AccentColor;
				CODE_SIGN_STYLE = Automatic;
				CURRENT_PROJECT_VERSION = 1;
				ENABLE_USER_SCRIPT_SANDBOXING = NO;
				GENERATE_INFOPLIST_FILE = YES;
				INFOPLIST_FILE = AFNetworkingApp/Info.plist;
				INFOPLIST_KEY_UIApplicationSupportsIndirectInputEvents = YES;
				INFOPLIST_KEY_UILaunchStoryboardName = LaunchScreen;
				INFOPLIST_KEY_UIMainStoryboardFile = Main;
				INFOPLIST_KEY_UISupportedInterfaceOrientations_iPad = "UIInterfaceOrientationPortrait UIInterfaceOrientationPortraitUpsideDown UIInterfaceOrientationLandscapeLeft UIInterfaceOrientationLandscapeRight";
				INFOPLIST_KEY_UISupportedInterfaceOrientations_iPhone = "UIInterfaceOrientationPortrait UIInterfaceOrientationLandscapeLeft UIInterfaceOrientationLandscapeRight";
				LD_RUNPATH_SEARCH_PATHS = (
					"$(inherited)",
					"@executable_path/Frameworks",
				);
				MARKETING_VERSION = 1.0;
				PRODUCT_BUNDLE_IDENTIFIER = com.datadoghq.AFNetworkingApp;
				PRODUCT_NAME = "$(TARGET_NAME)";
				SWIFT_EMIT_LOC_STRINGS = YES;
				TARGETED_DEVICE_FAMILY = "1,2";
			};
			name = Debug;
		};
		D29C9F8F2D03053A00CD568E /* Release */ = {
			isa = XCBuildConfiguration;
			baseConfigurationReference = 5B6BD8D505636AC845581B39 /* Pods-AFNetworkingApp.release.xcconfig */;
			buildSettings = {
				ASSETCATALOG_COMPILER_APPICON_NAME = AppIcon;
				ASSETCATALOG_COMPILER_GLOBAL_ACCENT_COLOR_NAME = AccentColor;
				CODE_SIGN_STYLE = Automatic;
				CURRENT_PROJECT_VERSION = 1;
				ENABLE_USER_SCRIPT_SANDBOXING = NO;
				GENERATE_INFOPLIST_FILE = YES;
				INFOPLIST_FILE = AFNetworkingApp/Info.plist;
				INFOPLIST_KEY_UIApplicationSupportsIndirectInputEvents = YES;
				INFOPLIST_KEY_UILaunchStoryboardName = LaunchScreen;
				INFOPLIST_KEY_UIMainStoryboardFile = Main;
				INFOPLIST_KEY_UISupportedInterfaceOrientations_iPad = "UIInterfaceOrientationPortrait UIInterfaceOrientationPortraitUpsideDown UIInterfaceOrientationLandscapeLeft UIInterfaceOrientationLandscapeRight";
				INFOPLIST_KEY_UISupportedInterfaceOrientations_iPhone = "UIInterfaceOrientationPortrait UIInterfaceOrientationLandscapeLeft UIInterfaceOrientationLandscapeRight";
				LD_RUNPATH_SEARCH_PATHS = (
					"$(inherited)",
					"@executable_path/Frameworks",
				);
				MARKETING_VERSION = 1.0;
				PRODUCT_BUNDLE_IDENTIFIER = com.datadoghq.AFNetworkingApp;
				PRODUCT_NAME = "$(TARGET_NAME)";
				SWIFT_EMIT_LOC_STRINGS = YES;
				TARGETED_DEVICE_FAMILY = "1,2";
			};
			name = Release;
		};
		D29C9F902D03053A00CD568E /* Debug */ = {
			isa = XCBuildConfiguration;
			buildSettings = {
				ALWAYS_SEARCH_USER_PATHS = NO;
				ASSETCATALOG_COMPILER_GENERATE_SWIFT_ASSET_SYMBOL_EXTENSIONS = YES;
				CLANG_ANALYZER_NONNULL = YES;
				CLANG_ANALYZER_NUMBER_OBJECT_CONVERSION = YES_AGGRESSIVE;
				CLANG_CXX_LANGUAGE_STANDARD = "gnu++20";
				CLANG_ENABLE_MODULES = YES;
				CLANG_ENABLE_OBJC_ARC = YES;
				CLANG_ENABLE_OBJC_WEAK = YES;
				CLANG_WARN_BLOCK_CAPTURE_AUTORELEASING = YES;
				CLANG_WARN_BOOL_CONVERSION = YES;
				CLANG_WARN_COMMA = YES;
				CLANG_WARN_CONSTANT_CONVERSION = YES;
				CLANG_WARN_DEPRECATED_OBJC_IMPLEMENTATIONS = YES;
				CLANG_WARN_DIRECT_OBJC_ISA_USAGE = YES_ERROR;
				CLANG_WARN_DOCUMENTATION_COMMENTS = YES;
				CLANG_WARN_EMPTY_BODY = YES;
				CLANG_WARN_ENUM_CONVERSION = YES;
				CLANG_WARN_INFINITE_RECURSION = YES;
				CLANG_WARN_INT_CONVERSION = YES;
				CLANG_WARN_NON_LITERAL_NULL_CONVERSION = YES;
				CLANG_WARN_OBJC_IMPLICIT_RETAIN_SELF = YES;
				CLANG_WARN_OBJC_LITERAL_CONVERSION = YES;
				CLANG_WARN_OBJC_ROOT_CLASS = YES_ERROR;
				CLANG_WARN_QUOTED_INCLUDE_IN_FRAMEWORK_HEADER = YES;
				CLANG_WARN_RANGE_LOOP_ANALYSIS = YES;
				CLANG_WARN_STRICT_PROTOTYPES = YES;
				CLANG_WARN_SUSPICIOUS_MOVE = YES;
				CLANG_WARN_UNGUARDED_AVAILABILITY = YES_AGGRESSIVE;
				CLANG_WARN_UNREACHABLE_CODE = YES;
				CLANG_WARN__DUPLICATE_METHOD_MATCH = YES;
				COPY_PHASE_STRIP = NO;
				DEBUG_INFORMATION_FORMAT = dwarf;
				ENABLE_STRICT_OBJC_MSGSEND = YES;
				ENABLE_TESTABILITY = YES;
				ENABLE_USER_SCRIPT_SANDBOXING = YES;
				GCC_C_LANGUAGE_STANDARD = gnu17;
				GCC_DYNAMIC_NO_PIC = NO;
				GCC_NO_COMMON_BLOCKS = YES;
				GCC_OPTIMIZATION_LEVEL = 0;
				GCC_PREPROCESSOR_DEFINITIONS = (
					"DEBUG=1",
					"$(inherited)",
				);
				GCC_WARN_64_TO_32_BIT_CONVERSION = YES;
				GCC_WARN_ABOUT_RETURN_TYPE = YES_ERROR;
				GCC_WARN_UNDECLARED_SELECTOR = YES;
				GCC_WARN_UNINITIALIZED_AUTOS = YES_AGGRESSIVE;
				GCC_WARN_UNUSED_FUNCTION = YES;
				GCC_WARN_UNUSED_VARIABLE = YES;
				IPHONEOS_DEPLOYMENT_TARGET = 18.1;
				LOCALIZATION_PREFERS_STRING_CATALOGS = YES;
				MTL_ENABLE_DEBUG_INFO = INCLUDE_SOURCE;
				MTL_FAST_MATH = YES;
				ONLY_ACTIVE_ARCH = YES;
				SDKROOT = iphoneos;
			};
			name = Debug;
		};
		D29C9F912D03053A00CD568E /* Release */ = {
			isa = XCBuildConfiguration;
			buildSettings = {
				ALWAYS_SEARCH_USER_PATHS = NO;
				ASSETCATALOG_COMPILER_GENERATE_SWIFT_ASSET_SYMBOL_EXTENSIONS = YES;
				CLANG_ANALYZER_NONNULL = YES;
				CLANG_ANALYZER_NUMBER_OBJECT_CONVERSION = YES_AGGRESSIVE;
				CLANG_CXX_LANGUAGE_STANDARD = "gnu++20";
				CLANG_ENABLE_MODULES = YES;
				CLANG_ENABLE_OBJC_ARC = YES;
				CLANG_ENABLE_OBJC_WEAK = YES;
				CLANG_WARN_BLOCK_CAPTURE_AUTORELEASING = YES;
				CLANG_WARN_BOOL_CONVERSION = YES;
				CLANG_WARN_COMMA = YES;
				CLANG_WARN_CONSTANT_CONVERSION = YES;
				CLANG_WARN_DEPRECATED_OBJC_IMPLEMENTATIONS = YES;
				CLANG_WARN_DIRECT_OBJC_ISA_USAGE = YES_ERROR;
				CLANG_WARN_DOCUMENTATION_COMMENTS = YES;
				CLANG_WARN_EMPTY_BODY = YES;
				CLANG_WARN_ENUM_CONVERSION = YES;
				CLANG_WARN_INFINITE_RECURSION = YES;
				CLANG_WARN_INT_CONVERSION = YES;
				CLANG_WARN_NON_LITERAL_NULL_CONVERSION = YES;
				CLANG_WARN_OBJC_IMPLICIT_RETAIN_SELF = YES;
				CLANG_WARN_OBJC_LITERAL_CONVERSION = YES;
				CLANG_WARN_OBJC_ROOT_CLASS = YES_ERROR;
				CLANG_WARN_QUOTED_INCLUDE_IN_FRAMEWORK_HEADER = YES;
				CLANG_WARN_RANGE_LOOP_ANALYSIS = YES;
				CLANG_WARN_STRICT_PROTOTYPES = YES;
				CLANG_WARN_SUSPICIOUS_MOVE = YES;
				CLANG_WARN_UNGUARDED_AVAILABILITY = YES_AGGRESSIVE;
				CLANG_WARN_UNREACHABLE_CODE = YES;
				CLANG_WARN__DUPLICATE_METHOD_MATCH = YES;
				COPY_PHASE_STRIP = NO;
				DEBUG_INFORMATION_FORMAT = "dwarf-with-dsym";
				ENABLE_NS_ASSERTIONS = NO;
				ENABLE_STRICT_OBJC_MSGSEND = YES;
				ENABLE_USER_SCRIPT_SANDBOXING = YES;
				GCC_C_LANGUAGE_STANDARD = gnu17;
				GCC_NO_COMMON_BLOCKS = YES;
				GCC_WARN_64_TO_32_BIT_CONVERSION = YES;
				GCC_WARN_ABOUT_RETURN_TYPE = YES_ERROR;
				GCC_WARN_UNDECLARED_SELECTOR = YES;
				GCC_WARN_UNINITIALIZED_AUTOS = YES_AGGRESSIVE;
				GCC_WARN_UNUSED_FUNCTION = YES;
				GCC_WARN_UNUSED_VARIABLE = YES;
				IPHONEOS_DEPLOYMENT_TARGET = 18.1;
				LOCALIZATION_PREFERS_STRING_CATALOGS = YES;
				MTL_ENABLE_DEBUG_INFO = NO;
				MTL_FAST_MATH = YES;
				SDKROOT = iphoneos;
				VALIDATE_PRODUCT = YES;
			};
			name = Release;
		};
/* End XCBuildConfiguration section */

/* Begin XCConfigurationList section */
		D29C9F702D03053900CD568E /* Build configuration list for PBXProject "AFNetworkingApp" */ = {
			isa = XCConfigurationList;
			buildConfigurations = (
				D29C9F902D03053A00CD568E /* Debug */,
				D29C9F912D03053A00CD568E /* Release */,
			);
			defaultConfigurationIsVisible = 0;
			defaultConfigurationName = Release;
		};
		D29C9F8D2D03053A00CD568E /* Build configuration list for PBXNativeTarget "AFNetworkingApp" */ = {
			isa = XCConfigurationList;
			buildConfigurations = (
				D29C9F8E2D03053A00CD568E /* Debug */,
				D29C9F8F2D03053A00CD568E /* Release */,
			);
			defaultConfigurationIsVisible = 0;
			defaultConfigurationName = Release;
		};
/* End XCConfigurationList section */
	};
	rootObject = D29C9F6D2D03053900CD568E /* Project object */;
}
